
Microsoft Visual Studio Solution File, Format Version 12.00
# Visual Studio Version 17
VisualStudioVersion = 17.2.32630.192
MinimumVisualStudioVersion = 10.0.40219.1
Project("{FAE04EC0-301F-11D3-BF4B-00C04F79EFBC}") = "Assignment TDD", "Assignment TDD.csproj", "{4DA1E6A0-8845-4D6A-993A-9498B7311AFF}"
EndProject
Project("{FAE04EC0-301F-11D3-BF4B-00C04F79EFBC}") = "Assignment TDDTests1", "..\Assignment TDDTests1\Assignment TDDTests1.csproj", "{107C8CCC-6A14-4BA2-B6FB-376C31E036EE}"
EndProject
Global
	GlobalSection(SolutionConfigurationPlatforms) = preSolution
		Debug|Any CPU = Debug|Any CPU
		Release|Any CPU = Release|Any CPU
	EndGlobalSection
	GlobalSection(ProjectConfigurationPlatforms) = postSolution
		{4DA1E6A0-8845-4D6A-993A-9498B7311AFF}.Debug|Any CPU.ActiveCfg = Debug|Any CPU
		{4DA1E6A0-8845-4D6A-993A-9498B7311AFF}.Debug|Any CPU.Build.0 = Debug|Any CPU
		{4DA1E6A0-8845-4D6A-993A-9498B7311AFF}.Release|Any CPU.ActiveCfg = Release|Any CPU
		{4DA1E6A0-8845-4D6A-993A-9498B7311AFF}.Release|Any CPU.Build.0 = Release|Any CPU
		{107C8CCC-6A14-4BA2-B6FB-376C31E036EE}.Debug|Any CPU.ActiveCfg = Debug|Any CPU
		{107C8CCC-6A14-4BA2-B6FB-376C31E036EE}.Debug|Any CPU.Build.0 = Debug|Any CPU
		{107C8CCC-6A14-4BA2-B6FB-376C31E036EE}.Release|Any CPU.ActiveCfg = Release|Any CPU
		{107C8CCC-6A14-4BA2-B6FB-376C31E036EE}.Release|Any CPU.Build.0 = Release|Any CPU
	EndGlobalSection
	GlobalSection(SolutionProperties) = preSolution
		HideSolutionNode = FALSE
	EndGlobalSection
	GlobalSection(ExtensibilityGlobals) = postSolution
		SolutionGuid = {B27A5CA1-A9CF-44AC-A5C3-DF4AED0FA641}
	EndGlobalSection
EndGlobal
